
Microsoft Visual Studio Solution File, Format Version 12.00
# Visual Studio Version 16
VisualStudioVersion = 16.0.30717.126
MinimumVisualStudioVersion = 10.0.40219.1
Project("{FAE04EC0-301F-11D3-BF4B-00C04F79EFBC}") = "PodcastApp.Domain", "PodcastApp.Domain\PodcastApp.Domain.csproj", "{2462D060-3D20-4BC3-8943-CAA160064A22}"
EndProject
Project("{FAE04EC0-301F-11D3-BF4B-00C04F79EFBC}") = "PodcastApp.Repository", "PodcastApp.Repository\PodcastApp.Repository.csproj", "{E466DBE6-21D8-4FC3-A860-C11E48A47A09}"
EndProject
Project("{FAE04EC0-301F-11D3-BF4B-00C04F79EFBC}") = "PodcastApp.WebUI", "PodcastApp.WebUI\PodcastApp.WebUI.csproj", "{1050F155-047F-4CCD-BFCF-69E17A939E53}"
EndProject
Global
	GlobalSection(SolutionConfigurationPlatforms) = preSolution
		Debug|Any CPU = Debug|Any CPU
		Release|Any CPU = Release|Any CPU
	EndGlobalSection
	GlobalSection(ProjectConfigurationPlatforms) = postSolution
		{2462D060-3D20-4BC3-8943-CAA160064A22}.Debug|Any CPU.ActiveCfg = Debug|Any CPU
		{2462D060-3D20-4BC3-8943-CAA160064A22}.Debug|Any CPU.Build.0 = Debug|Any CPU
		{2462D060-3D20-4BC3-8943-CAA160064A22}.Release|Any CPU.ActiveCfg = Release|Any CPU
		{2462D060-3D20-4BC3-8943-CAA160064A22}.Release|Any CPU.Build.0 = Release|Any CPU
		{E466DBE6-21D8-4FC3-A860-C11E48A47A09}.Debug|Any CPU.ActiveCfg = Debug|Any CPU
		{E466DBE6-21D8-4FC3-A860-C11E48A47A09}.Debug|Any CPU.Build.0 = Debug|Any CPU
		{E466DBE6-21D8-4FC3-A860-C11E48A47A09}.Release|Any CPU.ActiveCfg = Release|Any CPU
		{E466DBE6-21D8-4FC3-A860-C11E48A47A09}.Release|Any CPU.Build.0 = Release|Any CPU
		{1050F155-047F-4CCD-BFCF-69E17A939E53}.Debug|Any CPU.ActiveCfg = Debug|Any CPU
		{1050F155-047F-4CCD-BFCF-69E17A939E53}.Debug|Any CPU.Build.0 = Debug|Any CPU
		{1050F155-047F-4CCD-BFCF-69E17A939E53}.Release|Any CPU.ActiveCfg = Release|Any CPU
		{1050F155-047F-4CCD-BFCF-69E17A939E53}.Release|Any CPU.Build.0 = Release|Any CPU
	EndGlobalSection
	GlobalSection(SolutionProperties) = preSolution
		HideSolutionNode = FALSE
	EndGlobalSection
	GlobalSection(ExtensibilityGlobals) = postSolution
		SolutionGuid = {6542270C-1810-4B1C-A5CA-D8FC7D58A2E5}
	EndGlobalSection
EndGlobal
